// !$*UTF8*$!
{
	archiveVersion = 1;
	classes = {
	};
	objectVersion = 46;
	objects = {

/* Begin PBXBuildFile section */
		E7146FA51F3C5F3A0090D940 /* AppDelegate.swift in Sources */ = {isa = PBXBuildFile; fileRef = E7146FA41F3C5F3A0090D940 /* AppDelegate.swift */; };
		E7146FA71F3C5F3A0090D940 /* ViewController.swift in Sources */ = {isa = PBXBuildFile; fileRef = E7146FA61F3C5F3A0090D940 /* ViewController.swift */; };
		E7146FAA1F3C5F3A0090D940 /* Main.storyboard in Resources */ = {isa = PBXBuildFile; fileRef = E7146FA81F3C5F3A0090D940 /* Main.storyboard */; };
		E7146FAC1F3C5F3A0090D940 /* Assets.xcassets in Resources */ = {isa = PBXBuildFile; fileRef = E7146FAB1F3C5F3A0090D940 /* Assets.xcassets */; };
		E7146FAF1F3C5F3A0090D940 /* LaunchScreen.storyboard in Resources */ = {isa = PBXBuildFile; fileRef = E7146FAD1F3C5F3A0090D940 /* LaunchScreen.storyboard */; };
		E7146FBA1F3C5F3A0090D940 /* DialogViewerTests.swift in Sources */ = {isa = PBXBuildFile; fileRef = E7146FB91F3C5F3A0090D940 /* DialogViewerTests.swift */; };
		E7146FC51F3C5F3A0090D940 /* DialogViewerUITests.swift in Sources */ = {isa = PBXBuildFile; fileRef = E7146FC41F3C5F3A0090D940 /* DialogViewerUITests.swift */; };
		E7146FD31F3C6B4B0090D940 /* ContentCell.swift in Sources */ = {isa = PBXBuildFile; fileRef = E7146FD21F3C6B4B0090D940 /* ContentCell.swift */; };
		E7146FD51F3C8B390090D940 /* HeaderCell.swift in Sources */ = {isa = PBXBuildFile; fileRef = E7146FD41F3C8B390090D940 /* HeaderCell.swift */; };
/* End PBXBuildFile section */

/* Begin PBXContainerItemProxy section */
		E7146FB61F3C5F3A0090D940 /* PBXContainerItemProxy */ = {
			isa = PBXContainerItemProxy;
			containerPortal = E7146F991F3C5F3A0090D940 /* Project object */;
			proxyType = 1;
			remoteGlobalIDString = E7146FA01F3C5F3A0090D940;
			remoteInfo = DialogViewer;
		};
		E7146FC11F3C5F3A0090D940 /* PBXContainerItemProxy */ = {
			isa = PBXContainerItemProxy;
			containerPortal = E7146F991F3C5F3A0090D940 /* Project object */;
			proxyType = 1;
			remoteGlobalIDString = E7146FA01F3C5F3A0090D940;
			remoteInfo = DialogViewer;
		};
/* End PBXContainerItemProxy section */

/* Begin PBXFileReference section */
		E7146FA11F3C5F3A0090D940 /* DialogViewer.app */ = {isa = PBXFileReference; explicitFileType = wrapper.application; includeInIndex = 0; path = DialogViewer.app; sourceTree = BUILT_PRODUCTS_DIR; };
		E7146FA41F3C5F3A0090D940 /* AppDelegate.swift */ = {isa = PBXFileReference; lastKnownFileType = sourcecode.swift; path = AppDelegate.swift; sourceTree = "<group>"; };
		E7146FA61F3C5F3A0090D940 /* ViewController.swift */ = {isa = PBXFileReference; lastKnownFileType = sourcecode.swift; path = ViewController.swift; sourceTree = "<group>"; };
		E7146FA91F3C5F3A0090D940 /* Base */ = {isa = PBXFileReference; lastKnownFileType = file.storyboard; name = Base; path = Base.lproj/Main.storyboard; sourceTree = "<group>"; };
		E7146FAB1F3C5F3A0090D940 /* Assets.xcassets */ = {isa = PBXFileReference; lastKnownFileType = folder.assetcatalog; path = Assets.xcassets; sourceTree = "<group>"; };
		E7146FAE1F3C5F3A0090D940 /* Base */ = {isa = PBXFileReference; lastKnownFileType = file.storyboard; name = Base; path = Base.lproj/LaunchScreen.storyboard; sourceTree = "<group>"; };
		E7146FB01F3C5F3A0090D940 /* Info.plist */ = {isa = PBXFileReference; lastKnownFileType = text.plist.xml; path = Info.plist; sourceTree = "<group>"; };
		E7146FB51F3C5F3A0090D940 /* DialogViewerTests.xctest */ = {isa = PBXFileReference; explicitFileType = wrapper.cfbundle; includeInIndex = 0; path = DialogViewerTests.xctest; sourceTree = BUILT_PRODUCTS_DIR; };
		E7146FB91F3C5F3A0090D940 /* DialogViewerTests.swift */ = {isa = PBXFileReference; lastKnownFileType = sourcecode.swift; path = DialogViewerTests.swift; sourceTree = "<group>"; };
		E7146FBB1F3C5F3A0090D940 /* Info.plist */ = {isa = PBXFileReference; lastKnownFileType = text.plist.xml; path = Info.plist; sourceTree = "<group>"; };
		E7146FC01F3C5F3A0090D940 /* DialogViewerUITests.xctest */ = {isa = PBXFileReference; explicitFileType = wrapper.cfbundle; includeInIndex = 0; path = DialogViewerUITests.xctest; sourceTree = BUILT_PRODUCTS_DIR; };
		E7146FC41F3C5F3A0090D940 /* DialogViewerUITests.swift */ = {isa = PBXFileReference; lastKnownFileType = sourcecode.swift; path = DialogViewerUITests.swift; sourceTree = "<group>"; };
		E7146FC61F3C5F3A0090D940 /* Info.plist */ = {isa = PBXFileReference; lastKnownFileType = text.plist.xml; path = Info.plist; sourceTree = "<group>"; };
		E7146FD21F3C6B4B0090D940 /* ContentCell.swift */ = {isa = PBXFileReference; fileEncoding = 4; lastKnownFileType = sourcecode.swift; path = ContentCell.swift; sourceTree = "<group>"; };
		E7146FD41F3C8B390090D940 /* HeaderCell.swift */ = {isa = PBXFileReference; fileEncoding = 4; lastKnownFileType = sourcecode.swift; path = HeaderCell.swift; sourceTree = "<group>"; };
/* End PBXFileReference section */

/* Begin PBXFrameworksBuildPhase section */
		E7146F9E1F3C5F3A0090D940 /* Frameworks */ = {
			isa = PBXFrameworksBuildPhase;
			buildActionMask = 2147483647;
			files = (
			);
			runOnlyForDeploymentPostprocessing = 0;
		};
		E7146FB21F3C5F3A0090D940 /* Frameworks */ = {
			isa = PBXFrameworksBuildPhase;
			buildActionMask = 2147483647;
			files = (
			);
			runOnlyForDeploymentPostprocessing = 0;
		};
		E7146FBD1F3C5F3A0090D940 /* Frameworks */ = {
			isa = PBXFrameworksBuildPhase;
			buildActionMask = 2147483647;
			files = (
			);
			runOnlyForDeploymentPostprocessing = 0;
		};
/* End PBXFrameworksBuildPhase section */

/* Begin PBXGroup section */
		E7146F981F3C5F3A0090D940 = {
			isa = PBXGroup;
			children = (
				E7146FA31F3C5F3A0090D940 /* DialogViewer */,
				E7146FB81F3C5F3A0090D940 /* DialogViewerTests */,
				E7146FC31F3C5F3A0090D940 /* DialogViewerUITests */,
				E7146FA21F3C5F3A0090D940 /* Products */,
			);
			sourceTree = "<group>";
		};
		E7146FA21F3C5F3A0090D940 /* Products */ = {
			isa = PBXGroup;
			children = (
				E7146FA11F3C5F3A0090D940 /* DialogViewer.app */,
				E7146FB51F3C5F3A0090D940 /* DialogViewerTests.xctest */,
				E7146FC01F3C5F3A0090D940 /* DialogViewerUITests.xctest */,
			);
			name = Products;
			sourceTree = "<group>";
		};
		E7146FA31F3C5F3A0090D940 /* DialogViewer */ = {
			isa = PBXGroup;
			children = (
				E7146FA41F3C5F3A0090D940 /* AppDelegate.swift */,
				E7146FA61F3C5F3A0090D940 /* ViewController.swift */,
				E7146FA81F3C5F3A0090D940 /* Main.storyboard */,
				E7146FAB1F3C5F3A0090D940 /* Assets.xcassets */,
				E7146FAD1F3C5F3A0090D940 /* LaunchScreen.storyboard */,
				E7146FB01F3C5F3A0090D940 /* Info.plist */,
				E7146FD21F3C6B4B0090D940 /* ContentCell.swift */,
				E7146FD41F3C8B390090D940 /* HeaderCell.swift */,
			);
			path = DialogViewer;
			sourceTree = "<group>";
		};
		E7146FB81F3C5F3A0090D940 /* DialogViewerTests */ = {
			isa = PBXGroup;
			children = (
				E7146FB91F3C5F3A0090D940 /* DialogViewerTests.swift */,
				E7146FBB1F3C5F3A0090D940 /* Info.plist */,
			);
			path = DialogViewerTests;
			sourceTree = "<group>";
		};
		E7146FC31F3C5F3A0090D940 /* DialogViewerUITests */ = {
			isa = PBXGroup;
			children = (
				E7146FC41F3C5F3A0090D940 /* DialogViewerUITests.swift */,
				E7146FC61F3C5F3A0090D940 /* Info.plist */,
			);
			path = DialogViewerUITests;
			sourceTree = "<group>";
		};
/* End PBXGroup section */

/* Begin PBXNativeTarget section */
		E7146FA01F3C5F3A0090D940 /* DialogViewer */ = {
			isa = PBXNativeTarget;
			buildConfigurationList = E7146FC91F3C5F3A0090D940 /* Build configuration list for PBXNativeTarget "DialogViewer" */;
			buildPhases = (
				E7146F9D1F3C5F3A0090D940 /* Sources */,
				E7146F9E1F3C5F3A0090D940 /* Frameworks */,
				E7146F9F1F3C5F3A0090D940 /* Resources */,
			);
			buildRules = (
			);
			dependencies = (
			);
			name = DialogViewer;
			productName = DialogViewer;
			productReference = E7146FA11F3C5F3A0090D940 /* DialogViewer.app */;
			productType = "com.apple.product-type.application";
		};
		E7146FB41F3C5F3A0090D940 /* DialogViewerTests */ = {
			isa = PBXNativeTarget;
			buildConfigurationList = E7146FCC1F3C5F3A0090D940 /* Build configuration list for PBXNativeTarget "DialogViewerTests" */;
			buildPhases = (
				E7146FB11F3C5F3A0090D940 /* Sources */,
				E7146FB21F3C5F3A0090D940 /* Frameworks */,
				E7146FB31F3C5F3A0090D940 /* Resources */,
			);
			buildRules = (
			);
			dependencies = (
				E7146FB71F3C5F3A0090D940 /* PBXTargetDependency */,
			);
			name = DialogViewerTests;
			productName = DialogViewerTests;
			productReference = E7146FB51F3C5F3A0090D940 /* DialogViewerTests.xctest */;
			productType = "com.apple.product-type.bundle.unit-test";
		};
		E7146FBF1F3C5F3A0090D940 /* DialogViewerUITests */ = {
			isa = PBXNativeTarget;
			buildConfigurationList = E7146FCF1F3C5F3A0090D940 /* Build configuration list for PBXNativeTarget "DialogViewerUITests" */;
			buildPhases = (
				E7146FBC1F3C5F3A0090D940 /* Sources */,
				E7146FBD1F3C5F3A0090D940 /* Frameworks */,
				E7146FBE1F3C5F3A0090D940 /* Resources */,
			);
			buildRules = (
			);
			dependencies = (
				E7146FC21F3C5F3A0090D940 /* PBXTargetDependency */,
			);
			name = DialogViewerUITests;
			productName = DialogViewerUITests;
			productReference = E7146FC01F3C5F3A0090D940 /* DialogViewerUITests.xctest */;
			productType = "com.apple.product-type.bundle.ui-testing";
		};
/* End PBXNativeTarget section */

/* Begin PBXProject section */
		E7146F991F3C5F3A0090D940 /* Project object */ = {
			isa = PBXProject;
			attributes = {
				LastSwiftUpdateCheck = 0830;
				LastUpgradeCheck = 0830;
				ORGANIZATIONNAME = "Vladimir Rybalka";
				TargetAttributes = {
					E7146FA01F3C5F3A0090D940 = {
						CreatedOnToolsVersion = 8.3.3;
						ProvisioningStyle = Automatic;
					};
					E7146FB41F3C5F3A0090D940 = {
						CreatedOnToolsVersion = 8.3.3;
						ProvisioningStyle = Automatic;
						TestTargetID = E7146FA01F3C5F3A0090D940;
					};
					E7146FBF1F3C5F3A0090D940 = {
						CreatedOnToolsVersion = 8.3.3;
						ProvisioningStyle = Automatic;
						TestTargetID = E7146FA01F3C5F3A0090D940;
					};
				};
			};
			buildConfigurationList = E7146F9C1F3C5F3A0090D940 /* Build configuration list for PBXProject "DialogViewer" */;
			compatibilityVersion = "Xcode 3.2";
			developmentRegion = English;
			hasScannedForEncodings = 0;
			knownRegions = (
				en,
				Base,
			);
			mainGroup = E7146F981F3C5F3A0090D940;
			productRefGroup = E7146FA21F3C5F3A0090D940 /* Products */;
			projectDirPath = "";
			projectRoot = "";
			targets = (
				E7146FA01F3C5F3A0090D940 /* DialogViewer */,
				E7146FB41F3C5F3A0090D940 /* DialogViewerTests */,
				E7146FBF1F3C5F3A0090D940 /* DialogViewerUITests */,
			);
		};
/* End PBXProject section */

/* Begin PBXResourcesBuildPhase section */
		E7146F9F1F3C5F3A0090D940 /* Resources */ = {
			isa = PBXResourcesBuildPhase;
			buildActionMask = 2147483647;
			files = (
				E7146FAF1F3C5F3A0090D940 /* LaunchScreen.storyboard in Resources */,
				E7146FAC1F3C5F3A0090D940 /* Assets.xcassets in Resources */,
				E7146FAA1F3C5F3A0090D940 /* Main.storyboard in Resources */,
			);
			runOnlyForDeploymentPostprocessing = 0;
		};
		E7146FB31F3C5F3A0090D940 /* Resources */ = {
			isa = PBXResourcesBuildPhase;
			buildActionMask = 2147483647;
			files = (
			);
			runOnlyForDeploymentPostprocessing = 0;
		};
		E7146FBE1F3C5F3A0090D940 /* Resources */ = {
			isa = PBXResourcesBuildPhase;
			buildActionMask = 2147483647;
			files = (
			);
			runOnlyForDeploymentPostprocessing = 0;
		};
/* End PBXResourcesBuildPhase section */

/* Begin PBXSourcesBuildPhase section */
		E7146F9D1F3C5F3A0090D940 /* Sources */ = {
			isa = PBXSourcesBuildPhase;
			buildActionMask = 2147483647;
			files = (
				E7146FD51F3C8B390090D940 /* HeaderCell.swift in Sources */,
				E7146FD31F3C6B4B0090D940 /* ContentCell.swift in Sources */,
				E7146FA71F3C5F3A0090D940 /* ViewController.swift in Sources */,
				E7146FA51F3C5F3A0090D940 /* AppDelegate.swift in Sources */,
			);
			runOnlyForDeploymentPostprocessing = 0;
		};
		E7146FB11F3C5F3A0090D940 /* Sources */ = {
			isa = PBXSourcesBuildPhase;
			buildActionMask = 2147483647;
			files = (
				E7146FBA1F3C5F3A0090D940 /* DialogViewerTests.swift in Sources */,
			);
			runOnlyForDeploymentPostprocessing = 0;
		};
		E7146FBC1F3C5F3A0090D940 /* Sources */ = {
			isa = PBXSourcesBuildPhase;
			buildActionMask = 2147483647;
			files = (
				E7146FC51F3C5F3A0090D940 /* DialogViewerUITests.swift in Sources */,
			);
			runOnlyForDeploymentPostprocessing = 0;
		};
/* End PBXSourcesBuildPhase section */

/* Begin PBXTargetDependency section */
		E7146FB71F3C5F3A0090D940 /* PBXTargetDependency */ = {
			isa = PBXTargetDependency;
			target = E7146FA01F3C5F3A0090D940 /* DialogViewer */;
			targetProxy = E7146FB61F3C5F3A0090D940 /* PBXContainerItemProxy */;
		};
		E7146FC21F3C5F3A0090D940 /* PBXTargetDependency */ = {
			isa = PBXTargetDependency;
			target = E7146FA01F3C5F3A0090D940 /* DialogViewer */;
			targetProxy = E7146FC11F3C5F3A0090D940 /* PBXContainerItemProxy */;
		};
/* End PBXTargetDependency section */

/* Begin PBXVariantGroup section */
		E7146FA81F3C5F3A0090D940 /* Main.storyboard */ = {
			isa = PBXVariantGroup;
			children = (
				E7146FA91F3C5F3A0090D940 /* Base */,
			);
			name = Main.storyboard;
			sourceTree = "<group>";
		};
		E7146FAD1F3C5F3A0090D940 /* LaunchScreen.storyboard */ = {
			isa = PBXVariantGroup;
			children = (
				E7146FAE1F3C5F3A0090D940 /* Base */,
			);
			name = LaunchScreen.storyboard;
			sourceTree = "<group>";
		};
/* End PBXVariantGroup section */

/* Begin XCBuildConfiguration section */
		E7146FC71F3C5F3A0090D940 /* Debug */ = {
			isa = XCBuildConfiguration;
			buildSettings = {
				ALWAYS_SEARCH_USER_PATHS = NO;
				CLANG_ANALYZER_NONNULL = YES;
				CLANG_ANALYZER_NUMBER_OBJECT_CONVERSION = YES_AGGRESSIVE;
				CLANG_CXX_LANGUAGE_STANDARD = "gnu++0x";
				CLANG_CXX_LIBRARY = "libc++";
				CLANG_ENABLE_MODULES = YES;
				CLANG_ENABLE_OBJC_ARC = YES;
				CLANG_WARN_BOOL_CONVERSION = YES;
				CLANG_WARN_CONSTANT_CONVERSION = YES;
				CLANG_WARN_DIRECT_OBJC_ISA_USAGE = YES_ERROR;
				CLANG_WARN_DOCUMENTATION_COMMENTS = YES;
				CLANG_WARN_EMPTY_BODY = YES;
				CLANG_WARN_ENUM_CONVERSION = YES;
				CLANG_WARN_INFINITE_RECURSION = YES;
				CLANG_WARN_INT_CONVERSION = YES;
				CLANG_WARN_OBJC_ROOT_CLASS = YES_ERROR;
				CLANG_WARN_SUSPICIOUS_MOVE = YES;
				CLANG_WARN_UNREACHABLE_CODE = YES;
				CLANG_WARN__DUPLICATE_METHOD_MATCH = YES;
				"CODE_SIGN_IDENTITY[sdk=iphoneos*]" = "iPhone Developer";
				COPY_PHASE_STRIP = NO;
				DEBUG_INFORMATION_FORMAT = dwarf;
				ENABLE_STRICT_OBJC_MSGSEND = YES;
				ENABLE_TESTABILITY = YES;
				GCC_C_LANGUAGE_STANDARD = gnu99;
				GCC_DYNAMIC_NO_PIC = NO;
				GCC_NO_COMMON_BLOCKS = YES;
				GCC_OPTIMIZATION_LEVEL = 0;
				GCC_PREPROCESSOR_DEFINITIONS = (
					"DEBUG=1",
					"$(inherited)",
				);
				GCC_WARN_64_TO_32_BIT_CONVERSION = YES;
				GCC_WARN_ABOUT_RETURN_TYPE = YES_ERROR;
				GCC_WARN_UNDECLARED_SELECTOR = YES;
				GCC_WARN_UNINITIALIZED_AUTOS = YES_AGGRESSIVE;
				GCC_WARN_UNUSED_FUNCTION = YES;
				GCC_WARN_UNUSED_VARIABLE = YES;
				IPHONEOS_DEPLOYMENT_TARGET = 10.3;
				MTL_ENABLE_DEBUG_INFO = YES;
				ONLY_ACTIVE_ARCH = YES;
				SDKROOT = iphoneos;
				SWIFT_ACTIVE_COMPILATION_CONDITIONS = DEBUG;
				SWIFT_OPTIMIZATION_LEVEL = "-Onone";
				TARGETED_DEVICE_FAMILY = "1,2";
			};
			name = Debug;
		};
		E7146FC81F3C5F3A0090D940 /* Release */ = {
			isa = XCBuildConfiguration;
			buildSettings = {
				ALWAYS_SEARCH_USER_PATHS = NO;
				CLANG_ANALYZER_NONNULL = YES;
				CLANG_ANALYZER_NUMBER_OBJECT_CONVERSION = YES_AGGRESSIVE;
				CLANG_CXX_LANGUAGE_STANDARD = "gnu++0x";
				CLANG_CXX_LIBRARY = "libc++";
				CLANG_ENABLE_MODULES = YES;
				CLANG_ENABLE_OBJC_ARC = YES;
				CLANG_WARN_BOOL_CONVERSION = YES;
				CLANG_WARN_CONSTANT_CONVERSION = YES;
				CLANG_WARN_DIRECT_OBJC_ISA_USAGE = YES_ERROR;
				CLANG_WARN_DOCUMENTATION_COMMENTS = YES;
				CLANG_WARN_EMPTY_BODY = YES;
				CLANG_WARN_ENUM_CONVERSION = YES;
				CLANG_WARN_INFINITE_RECURSION = YES;
				CLANG_WARN_INT_CONVERSION = YES;
				CLANG_WARN_OBJC_ROOT_CLASS = YES_ERROR;
				CLANG_WARN_SUSPICIOUS_MOVE = YES;
				CLANG_WARN_UNREACHABLE_CODE = YES;
				CLANG_WARN__DUPLICATE_METHOD_MATCH = YES;
				"CODE_SIGN_IDENTITY[sdk=iphoneos*]" = "iPhone Developer";
				COPY_PHASE_STRIP = NO;
				DEBUG_INFORMATION_FORMAT = "dwarf-with-dsym";
				ENABLE_NS_ASSERTIONS = NO;
				ENABLE_STRICT_OBJC_MSGSEND = YES;
				GCC_C_LANGUAGE_STANDARD = gnu99;
				GCC_NO_COMMON_BLOCKS = YES;
				GCC_WARN_64_TO_32_BIT_CONVERSION = YES;
				GCC_WARN_ABOUT_RETURN_TYPE = YES_ERROR;
				GCC_WARN_UNDECLARED_SELECTOR = YES;
				GCC_WARN_UNINITIALIZED_AUTOS = YES_AGGRESSIVE;
				GCC_WARN_UNUSED_FUNCTION = YES;
				GCC_WARN_UNUSED_VARIABLE = YES;
				IPHONEOS_DEPLOYMENT_TARGET = 10.3;
				MTL_ENABLE_DEBUG_INFO = NO;
				SDKROOT = iphoneos;
				SWIFT_OPTIMIZATION_LEVEL = "-Owholemodule";
				TARGETED_DEVICE_FAMILY = "1,2";
				VALIDATE_PRODUCT = YES;
			};
			name = Release;
		};
		E7146FCA1F3C5F3A0090D940 /* Debug */ = {
			isa = XCBuildConfiguration;
			buildSettings = {
				ASSETCATALOG_COMPILER_APPICON_NAME = AppIcon;
				INFOPLIST_FILE = DialogViewer/Info.plist;
				LD_RUNPATH_SEARCH_PATHS = "$(inherited) @executable_path/Frameworks";
				PRODUCT_BUNDLE_IDENTIFIER = com.home.vladimir.rybalka.DialogViewer;
				PRODUCT_NAME = "$(TARGET_NAME)";
				SWIFT_VERSION = 3.0;
			};
			name = Debug;
		};
		E7146FCB1F3C5F3A0090D940 /* Release */ = {
			isa = XCBuildConfiguration;
			buildSettings = {
				ASSETCATALOG_COMPILER_APPICON_NAME = AppIcon;
				INFOPLIST_FILE = DialogViewer/Info.plist;
				LD_RUNPATH_SEARCH_PATHS = "$(inherited) @executable_path/Frameworks";
				PRODUCT_BUNDLE_IDENTIFIER = com.home.vladimir.rybalka.DialogViewer;
				PRODUCT_NAME = "$(TARGET_NAME)";
				SWIFT_VERSION = 3.0;
			};
			name = Release;
		};
		E7146FCD1F3C5F3A0090D940 /* Debug */ = {
			isa = XCBuildConfiguration;
			buildSettings = {
				ALWAYS_EMBED_SWIFT_STANDARD_LIBRARIES = YES;
				BUNDLE_LOADER = "$(TEST_HOST)";
				INFOPLIST_FILE = DialogViewerTests/Info.plist;
				LD_RUNPATH_SEARCH_PATHS = "$(inherited) @executable_path/Frameworks @loader_path/Frameworks";
				PRODUCT_BUNDLE_IDENTIFIER = com.home.vladimir.rybalka.DialogViewerTests;
				PRODUCT_NAME = "$(TARGET_NAME)";
				SWIFT_VERSION = 3.0;
				TEST_HOST = "$(BUILT_PRODUCTS_DIR)/DialogViewer.app/DialogViewer";
			};
			name = Debug;
		};
		E7146FCE1F3C5F3A0090D940 /* Release */ = {
			isa = XCBuildConfiguration;
			buildSettings = {
				ALWAYS_EMBED_SWIFT_STANDARD_LIBRARIES = YES;
				BUNDLE_LOADER = "$(TEST_HOST)";
				INFOPLIST_FILE = DialogViewerTests/Info.plist;
				LD_RUNPATH_SEARCH_PATHS = "$(inherited) @executable_path/Frameworks @loader_path/Frameworks";
				PRODUCT_BUNDLE_IDENTIFIER = com.home.vladimir.rybalka.DialogViewerTests;
				PRODUCT_NAME = "$(TARGET_NAME)";
				SWIFT_VERSION = 3.0;
				TEST_HOST = "$(BUILT_PRODUCTS_DIR)/DialogViewer.app/DialogViewer";
			};
			name = Release;
		};
		E7146FD01F3C5F3A0090D940 /* Debug */ = {
			isa = XCBuildConfiguration;
			buildSettings = {
				ALWAYS_EMBED_SWIFT_STANDARD_LIBRARIES = YES;
				INFOPLIST_FILE = DialogViewerUITests/Info.plist;
				LD_RUNPATH_SEARCH_PATHS = "$(inherited) @executable_path/Frameworks @loader_path/Frameworks";
				PRODUCT_BUNDLE_IDENTIFIER = com.home.vladimir.rybalka.DialogViewerUITests;
				PRODUCT_NAME = "$(TARGET_NAME)";
				SWIFT_VERSION = 3.0;
				TEST_TARGET_NAME = DialogViewer;
			};
			name = Debug;
		};
		E7146FD11F3C5F3A0090D940 /* Release */ = {
			isa = XCBuildConfiguration;
			buildSettings = {
				ALWAYS_EMBED_SWIFT_STANDARD_LIBRARIES = YES;
				INFOPLIST_FILE = DialogViewerUITests/Info.plist;
				LD_RUNPATH_SEARCH_PATHS = "$(inherited) @executable_path/Frameworks @loader_path/Frameworks";
				PRODUCT_BUNDLE_IDENTIFIER = com.home.vladimir.rybalka.DialogViewerUITests;
				PRODUCT_NAME = "$(TARGET_NAME)";
				SWIFT_VERSION = 3.0;
				TEST_TARGET_NAME = DialogViewer;
			};
			name = Release;
		};
/* End XCBuildConfiguration section */

/* Begin XCConfigurationList section */
		E7146F9C1F3C5F3A0090D940 /* Build configuration list for PBXProject "DialogViewer" */ = {
			isa = XCConfigurationList;
			buildConfigurations = (
				E7146FC71F3C5F3A0090D940 /* Debug */,
				E7146FC81F3C5F3A0090D940 /* Release */,
			);
			defaultConfigurationIsVisible = 0;
			defaultConfigurationName = Release;
		};
		E7146FC91F3C5F3A0090D940 /* Build configuration list for PBXNativeTarget "DialogViewer" */ = {
			isa = XCConfigurationList;
			buildConfigurations = (
				E7146FCA1F3C5F3A0090D940 /* Debug */,
				E7146FCB1F3C5F3A0090D940 /* Release */,
			);
			defaultConfigurationIsVisible = 0;
		};
		E7146FCC1F3C5F3A0090D940 /* Build configuration list for PBXNativeTarget "DialogViewerTests" */ = {
			isa = XCConfigurationList;
			buildConfigurations = (
				E7146FCD1F3C5F3A0090D940 /* Debug */,
				E7146FCE1F3C5F3A0090D940 /* Release */,
			);
			defaultConfigurationIsVisible = 0;
		};
		E7146FCF1F3C5F3A0090D940 /* Build configuration list for PBXNativeTarget "DialogViewerUITests" */ = {
			isa = XCConfigurationList;
			buildConfigurations = (
				E7146FD01F3C5F3A0090D940 /* Debug */,
				E7146FD11F3C5F3A0090D940 /* Release */,
			);
			defaultConfigurationIsVisible = 0;
		};
/* End XCConfigurationList section */
	};
	rootObject = E7146F991F3C5F3A0090D940 /* Project object */;
}
